
Microsoft Visual Studio Solution File, Format Version 12.00
# Visual Studio 15
Project("{FAE04EC0-301F-11D3-BF4B-00C04F79EFBC}") = "Assembly-CSharp", "Assembly-CSharp.csproj", "{D47B2688-3B02-8675-DE37-E76A78043249}"
EndProject
Project("{FAE04EC0-301F-11D3-BF4B-00C04F79EFBC}") = "Assembly-CSharp-firstpass", "Assembly-CSharp-firstpass.csproj", "{DA6D3DE1-56C3-EE6D-FD50-D188F85A937F}"
EndProject
Project("{FAE04EC0-301F-11D3-BF4B-00C04F79EFBC}") = "Assembly-CSharp-Editor", "Assembly-CSharp-Editor.csproj", "{F35CF0F7-9AA1-BA80-78B1-48357AB91A0D}"
EndProject
Global
	GlobalSection(SolutionConfigurationPlatforms) = preSolution
		Debug|Any CPU = Debug|Any CPU
		Release|Any CPU = Release|Any CPU
	EndGlobalSection
	GlobalSection(ProjectConfigurationPlatforms) = postSolution
		{D47B2688-3B02-8675-DE37-E76A78043249}.Debug|Any CPU.ActiveCfg = Debug|Any CPU
		{D47B2688-3B02-8675-DE37-E76A78043249}.Debug|Any CPU.Build.0 = Debug|Any CPU
		{D47B2688-3B02-8675-DE37-E76A78043249}.Release|Any CPU.ActiveCfg = Release|Any CPU
		{D47B2688-3B02-8675-DE37-E76A78043249}.Release|Any CPU.Build.0 = Release|Any CPU
		{DA6D3DE1-56C3-EE6D-FD50-D188F85A937F}.Debug|Any CPU.ActiveCfg = Debug|Any CPU
		{DA6D3DE1-56C3-EE6D-FD50-D188F85A937F}.Debug|Any CPU.Build.0 = Debug|Any CPU
		{DA6D3DE1-56C3-EE6D-FD50-D188F85A937F}.Release|Any CPU.ActiveCfg = Release|Any CPU
		{DA6D3DE1-56C3-EE6D-FD50-D188F85A937F}.Release|Any CPU.Build.0 = Release|Any CPU
		{F35CF0F7-9AA1-BA80-78B1-48357AB91A0D}.Debug|Any CPU.ActiveCfg = Debug|Any CPU
		{F35CF0F7-9AA1-BA80-78B1-48357AB91A0D}.Debug|Any CPU.Build.0 = Debug|Any CPU
		{F35CF0F7-9AA1-BA80-78B1-48357AB91A0D}.Release|Any CPU.ActiveCfg = Release|Any CPU
		{F35CF0F7-9AA1-BA80-78B1-48357AB91A0D}.Release|Any CPU.Build.0 = Release|Any CPU
	EndGlobalSection
	GlobalSection(SolutionProperties) = preSolution
		HideSolutionNode = FALSE
	EndGlobalSection
EndGlobal
